
Microsoft Visual Studio Solution File, Format Version 12.00
# Visual Studio Version 17
VisualStudioVersion = 17.6.33626.354
MinimumVisualStudioVersion = 10.0.40219.1
Project("{9A19103F-16F7-4668-BE54-9A1E7A4F7556}") = "EliteAPI", "EliteAPI\EliteAPI.csproj", "{6102AD8B-ED31-418F-8394-C8454730122D}"
EndProject
Project("{E53339B2-1760-4266-BCC7-CA923CBCF16C}") = "docker-compose", "docker-compose.dcproj", "{F89C77A6-6B6F-40D9-A5F1-475F5E0F4440}"
EndProject
Project("{FAE04EC0-301F-11D3-BF4B-00C04F79EFBC}") = "EliteAPI.Tests", "EliteAPI.Tests\EliteAPI.Tests.csproj", "{A949D246-8F1B-4E44-A225-B1AECE24FA91}"
EndProject
Project("{FAE04EC0-301F-11D3-BF4B-00C04F79EFBC}") = "HypixelAPI", "HypixelAPI\HypixelAPI.csproj", "{0BCA59B7-919C-4C1B-82A2-380914DDCC2B}"
EndProject
Project("{FAE04EC0-301F-11D3-BF4B-00C04F79EFBC}") = "HypixelAPI.Tests", "HypixelAPI.Tests\HypixelAPI.Tests.csproj", "{334E177C-649B-4349-86B0-86EE2905AF88}"
EndProject
Global
	GlobalSection(SolutionConfigurationPlatforms) = preSolution
		Debug|Any CPU = Debug|Any CPU
		Release|Any CPU = Release|Any CPU
	EndGlobalSection
	GlobalSection(ProjectConfigurationPlatforms) = postSolution
		{6102AD8B-ED31-418F-8394-C8454730122D}.Debug|Any CPU.ActiveCfg = Debug|Any CPU
		{6102AD8B-ED31-418F-8394-C8454730122D}.Debug|Any CPU.Build.0 = Debug|Any CPU
		{6102AD8B-ED31-418F-8394-C8454730122D}.Release|Any CPU.ActiveCfg = Release|Any CPU
		{6102AD8B-ED31-418F-8394-C8454730122D}.Release|Any CPU.Build.0 = Release|Any CPU
		{F89C77A6-6B6F-40D9-A5F1-475F5E0F4440}.Debug|Any CPU.ActiveCfg = Debug|Any CPU
		{F89C77A6-6B6F-40D9-A5F1-475F5E0F4440}.Debug|Any CPU.Build.0 = Debug|Any CPU
		{F89C77A6-6B6F-40D9-A5F1-475F5E0F4440}.Release|Any CPU.ActiveCfg = Release|Any CPU
		{F89C77A6-6B6F-40D9-A5F1-475F5E0F4440}.Release|Any CPU.Build.0 = Release|Any CPU
		{A949D246-8F1B-4E44-A225-B1AECE24FA91}.Debug|Any CPU.ActiveCfg = Debug|Any CPU
		{A949D246-8F1B-4E44-A225-B1AECE24FA91}.Debug|Any CPU.Build.0 = Debug|Any CPU
		{A949D246-8F1B-4E44-A225-B1AECE24FA91}.Release|Any CPU.ActiveCfg = Release|Any CPU
		{A949D246-8F1B-4E44-A225-B1AECE24FA91}.Release|Any CPU.Build.0 = Release|Any CPU
		{0BCA59B7-919C-4C1B-82A2-380914DDCC2B}.Debug|Any CPU.ActiveCfg = Debug|Any CPU
		{0BCA59B7-919C-4C1B-82A2-380914DDCC2B}.Debug|Any CPU.Build.0 = Debug|Any CPU
		{0BCA59B7-919C-4C1B-82A2-380914DDCC2B}.Release|Any CPU.ActiveCfg = Release|Any CPU
		{0BCA59B7-919C-4C1B-82A2-380914DDCC2B}.Release|Any CPU.Build.0 = Release|Any CPU
		{334E177C-649B-4349-86B0-86EE2905AF88}.Debug|Any CPU.ActiveCfg = Debug|Any CPU
		{334E177C-649B-4349-86B0-86EE2905AF88}.Debug|Any CPU.Build.0 = Debug|Any CPU
		{334E177C-649B-4349-86B0-86EE2905AF88}.Release|Any CPU.ActiveCfg = Release|Any CPU
		{334E177C-649B-4349-86B0-86EE2905AF88}.Release|Any CPU.Build.0 = Release|Any CPU
	EndGlobalSection
	GlobalSection(SolutionProperties) = preSolution
		HideSolutionNode = FALSE
	EndGlobalSection
	GlobalSection(ExtensibilityGlobals) = postSolution
		SolutionGuid = {9672FE25-47E6-4834-9214-A0024020B83E}
	EndGlobalSection
EndGlobal
